{
  "name": "Module-6-React-1",
  "lockfileVersion": 2,
  "requires": true,
  "packages": {
    "": {
      "dependencies": {
        "emoji-picker-react": "^4.4.3"
      }
    },
    "node_modules/clsx": {
      "version": "1.2.1",
      "resolved": "https://registry.npmjs.org/clsx/-/clsx-1.2.1.tgz",
      "integrity": "sha512-EcR6r5a8bj6pu3ycsa/E/cKVGuTgZJZdsyUYHOksG/UHIiKfjxzRxYJpyVBwYaQeOvghal9fcc4PidlgzugAQg==",
      "engines": {
        "node": ">=6"
      }
    },
    "node_modules/emoji-picker-react": {
      "version": "4.4.3",
      "resolved": "https://registry.npmjs.org/emoji-picker-react/-/emoji-picker-react-4.4.3.tgz",
      "integrity": "sha512-MgthOndlxOekBB9OEzJ71pyxWMF9YohH5I858ho9ECMOCcZe9kNhCP7AReRNwbA9TzDo9JAY6GZf1EkrR/fcwA==",
      "dependencies": {
        "clsx": "^1.2.1"
      },
      "engines": {
        "node": ">=10"
      },
      "peerDependencies": {
        "react": ">=16"
      }
    }
  },
  "dependencies": {
    "clsx": {
      "version": "1.2.1",
      "resolved": "https://registry.npmjs.org/clsx/-/clsx-1.2.1.tgz",
      "integrity": "sha512-EcR6r5a8bj6pu3ycsa/E/cKVGuTgZJZdsyUYHOksG/UHIiKfjxzRxYJpyVBwYaQeOvghal9fcc4PidlgzugAQg=="
    },
    "emoji-picker-react": {
      "version": "4.4.3",
      "resolved": "https://registry.npmjs.org/emoji-picker-react/-/emoji-picker-react-4.4.3.tgz",
      "integrity": "sha512-MgthOndlxOekBB9OEzJ71pyxWMF9YohH5I858ho9ECMOCcZe9kNhCP7AReRNwbA9TzDo9JAY6GZf1EkrR/fcwA==",
      "requires": {
        "clsx": "^1.2.1"
      }
    }
  }
}
